
Microsoft Visual Studio Solution File, Format Version 12.00
# Visual Studio 15
Project("{FAE04EC0-301F-11D3-BF4B-00C04F79EFBC}") = "HoloMap", "Assembly-CSharp.csproj", "{EEB506C5-5D40-87A0-7924-55155CE563A0}"
EndProject
Project("{FAE04EC0-301F-11D3-BF4B-00C04F79EFBC}") = "HoloMap", "Assembly-CSharp-Editor.csproj", "{D048594C-4910-882B-C59D-FADD47097928}"
EndProject
Global
	GlobalSection(SolutionConfigurationPlatforms) = preSolution
		Debug|Any CPU = Debug|Any CPU
		Release|Any CPU = Release|Any CPU
	EndGlobalSection
	GlobalSection(ProjectConfigurationPlatforms) = postSolution
		{EEB506C5-5D40-87A0-7924-55155CE563A0}.Debug|Any CPU.ActiveCfg = Debug|Any CPU
		{EEB506C5-5D40-87A0-7924-55155CE563A0}.Debug|Any CPU.Build.0 = Debug|Any CPU
		{EEB506C5-5D40-87A0-7924-55155CE563A0}.Release|Any CPU.ActiveCfg = Release|Any CPU
		{EEB506C5-5D40-87A0-7924-55155CE563A0}.Release|Any CPU.Build.0 = Release|Any CPU
		{D048594C-4910-882B-C59D-FADD47097928}.Debug|Any CPU.ActiveCfg = Debug|Any CPU
		{D048594C-4910-882B-C59D-FADD47097928}.Debug|Any CPU.Build.0 = Debug|Any CPU
		{D048594C-4910-882B-C59D-FADD47097928}.Release|Any CPU.ActiveCfg = Release|Any CPU
		{D048594C-4910-882B-C59D-FADD47097928}.Release|Any CPU.Build.0 = Release|Any CPU
	EndGlobalSection
	GlobalSection(SolutionProperties) = preSolution
		HideSolutionNode = FALSE
	EndGlobalSection
EndGlobal
